
Microsoft Visual Studio Solution File, Format Version 12.00
# Visual Studio Version 16
VisualStudioVersion = 16.0.30503.244
MinimumVisualStudioVersion = 10.0.40219.1
Project("{9A19103F-16F7-4668-BE54-9A1E7A4F7556}") = "Tetris", "Tetris.csproj", "{FBA2AD62-B426-4DD9-B95E-55AC620B7CC9}"
EndProject
Global
	GlobalSection(SolutionConfigurationPlatforms) = preSolution
		Debug|Any CPU = Debug|Any CPU
		Release|Any CPU = Release|Any CPU
	EndGlobalSection
	GlobalSection(ProjectConfigurationPlatforms) = postSolution
		{FBA2AD62-B426-4DD9-B95E-55AC620B7CC9}.Debug|Any CPU.ActiveCfg = Debug|Any CPU
		{FBA2AD62-B426-4DD9-B95E-55AC620B7CC9}.Debug|Any CPU.Build.0 = Debug|Any CPU
		{FBA2AD62-B426-4DD9-B95E-55AC620B7CC9}.Release|Any CPU.ActiveCfg = Release|Any CPU
		{FBA2AD62-B426-4DD9-B95E-55AC620B7CC9}.Release|Any CPU.Build.0 = Release|Any CPU
	EndGlobalSection
	GlobalSection(SolutionProperties) = preSolution
		HideSolutionNode = FALSE
	EndGlobalSection
	GlobalSection(ExtensibilityGlobals) = postSolution
		SolutionGuid = {2668A4C6-89EE-4E80-BBC3-0F5E7DEFAFC8}
	EndGlobalSection
EndGlobal
